<?xml version="1.0" encoding="utf-8"?>
<Project ToolsVersion="4.0" xmlns="http://schemas.microsoft.com/developer/msbuild/2003">
  <ItemGroup>
    <Filter Include="Memory">
      <UniqueIdentifier>{6a303ece-6e72-4976-8fee-8259db63da81}</UniqueIdentifier>
    </Filter>
    <Filter Include="Network">
      <UniqueIdentifier>{e5062633-b7c8-4f45-8d5c-fd326339fae2}</UniqueIdentifier>
    </Filter>
    <Filter Include="Utils">
      <UniqueIdentifier>{6c2d83f5-c904-4feb-b5a6-d20d4cf378fb}</UniqueIdentifier>
    </Filter>
  </ItemGroup>
  <ItemGroup>
    <ClCompile Include="LibsPch.cpp">
      <Filter>Utils</Filter>
    </ClCompile>
    <ClCompile Include="MemoryPool.cpp">
      <Filter>Memory</Filter>
    </ClCompile>
    <ClCompile Include="CLog.cpp">
      <Filter>Utils</Filter>
    </ClCompile>
    <ClCompile Include="TlsProfiler.cpp">
      <Filter>Utils</Filter>
    </ClCompile>
    <ClCompile Include="Functor.cpp">
      <Filter>Utils</Filter>
    </ClCompile>
    <ClCompile Include="Utils.cpp">
      <Filter>Utils</Filter>
    </ClCompile>
    <ClCompile Include="CCrashDump.cpp">
      <Filter>Utils</Filter>
    </ClCompile>
    <ClCompile Include="NetworkBase.cpp">
      <Filter>Network</Filter>
    </ClCompile>
    <ClCompile Include="Session.cpp">
      <Filter>Network</Filter>
    </ClCompile>
    <ClCompile Include="ChattingServer.cpp" />
    <ClCompile Include="NetworkUtils.cpp">
      <Filter>Network</Filter>
    </ClCompile>
    <ClCompile Include="EchoServer.cpp">
      <Filter>Network</Filter>
    </ClCompile>
    <ClCompile Include="ClientPacketHandler.cpp" />
    <ClCompile Include="CRingBuffer.cpp">
      <Filter>Utils</Filter>
    </ClCompile>
    <ClCompile Include="CSerializationBuffer.cpp">
      <Filter>Utils</Filter>
    </ClCompile>
    <ClCompile Include="Room.cpp" />
    <ClCompile Include="RoomManager.cpp" />
  </ItemGroup>
  <ItemGroup>
    <ClInclude Include="LibsPch.h">
      <Filter>Utils</Filter>
    </ClInclude>
    <ClInclude Include="MemoryPool.h">
      <Filter>Memory</Filter>
    </ClInclude>
    <ClInclude Include="CLog.h">
      <Filter>Utils</Filter>
    </ClInclude>
    <ClInclude Include="TlsProfiler.h">
      <Filter>Utils</Filter>
    </ClInclude>
    <ClInclude Include="Functor.h">
      <Filter>Utils</Filter>
    </ClInclude>
    <ClInclude Include="Define.h">
      <Filter>Utils</Filter>
    </ClInclude>
    <ClInclude Include="Utils.h">
      <Filter>Utils</Filter>
    </ClInclude>
    <ClInclude Include="CCrashDump.h">
      <Filter>Utils</Filter>
    </ClInclude>
    <ClInclude Include="NetworkBase.h">
      <Filter>Network</Filter>
    </ClInclude>
    <ClInclude Include="Session.h">
      <Filter>Network</Filter>
    </ClInclude>
    <ClInclude Include="ChattingServer.h" />
    <ClInclude Include="NetworkUtils.h">
      <Filter>Network</Filter>
    </ClInclude>
    <ClInclude Include="PacketDefiine.h">
      <Filter>Network</Filter>
    </ClInclude>
    <ClInclude Include="EchoServer.h">
      <Filter>Network</Filter>
    </ClInclude>
    <ClInclude Include="ClientPacketHandler.h" />
    <ClInclude Include="CRingBuffer.h">
      <Filter>Utils</Filter>
    </ClInclude>
    <ClInclude Include="CSerializationBuffer.h">
      <Filter>Utils</Filter>
    </ClInclude>
    <ClInclude Include="Room.h" />
    <ClInclude Include="RoomManager.h" />
  </ItemGroup>
</Project>